// !$*UTF8*$!
{
	archiveVersion = 1;
	classes = {
	};
	objectVersion = 56;
	objects = {

/* Begin PBXBuildFile section */
		390C9DDC2AFDC66D0052A7A9 /* DetailVCToolBarView.swift in Sources */ = {isa = PBXBuildFile; fileRef = 390C9DDB2AFDC66D0052A7A9 /* DetailVCToolBarView.swift */; };
		390C9DE02AFDE0E60052A7A9 /* DetailVCSummaryStackView.swift in Sources */ = {isa = PBXBuildFile; fileRef = 390C9DDF2AFDE0E60052A7A9 /* DetailVCSummaryStackView.swift */; };
		390C9DE22AFDE5B00052A7A9 /* DetailVCWeatherTimelineView.swift in Sources */ = {isa = PBXBuildFile; fileRef = 390C9DE12AFDE5B00052A7A9 /* DetailVCWeatherTimelineView.swift */; };
		390C9DE62AFE1C910052A7A9 /* DetailVCWeatherTimelineCollectionViewCell.swift in Sources */ = {isa = PBXBuildFile; fileRef = 390C9DE52AFE1C910052A7A9 /* DetailVCWeatherTimelineCollectionViewCell.swift */; };
		390C9DE82AFE2F0C0052A7A9 /* DetailVCWeatherForecastTableView.swift in Sources */ = {isa = PBXBuildFile; fileRef = 390C9DE72AFE2F0C0052A7A9 /* DetailVCWeatherForecastTableView.swift */; };
		390C9DEA2AFE30570052A7A9 /* DetailVCWeatherForecastTableViewCell.swift in Sources */ = {isa = PBXBuildFile; fileRef = 390C9DE92AFE30570052A7A9 /* DetailVCWeatherForecastTableViewCell.swift */; };
		390C9DED2AFE36CB0052A7A9 /* SFProDisplay-Semibold.otf in Resources */ = {isa = PBXBuildFile; fileRef = 390C9DEC2AFE36CB0052A7A9 /* SFProDisplay-Semibold.otf */; };
		390C9DEF2AFE440D0052A7A9 /* WeatherForecastData.swift in Sources */ = {isa = PBXBuildFile; fileRef = 390C9DEE2AFE440D0052A7A9 /* WeatherForecastData.swift */; };
		390C9DF12AFE6F0A0052A7A9 /* DetailVCWeatherForecastHeader.swift in Sources */ = {isa = PBXBuildFile; fileRef = 390C9DF02AFE6F0A0052A7A9 /* DetailVCWeatherForecastHeader.swift */; };
		39251BCD2AE98A530057F4D8 /* SnapKit in Frameworks */ = {isa = PBXBuildFile; productRef = 39251BCC2AE98A530057F4D8 /* SnapKit */; };
		39251BCF2AE98A530057F4D8 /* SnapKit-Dynamic in Frameworks */ = {isa = PBXBuildFile; productRef = 39251BCE2AE98A530057F4D8 /* SnapKit-Dynamic */; };
		39251BD82AE98BC80057F4D8 /* UIView+.swift in Sources */ = {isa = PBXBuildFile; fileRef = 39251BD72AE98BC80057F4D8 /* UIView+.swift */; };
		39251BDA2AE98BE60057F4D8 /* UIColor+.swift in Sources */ = {isa = PBXBuildFile; fileRef = 39251BD92AE98BE60057F4D8 /* UIColor+.swift */; };
		39251BDC2AE98C3C0057F4D8 /* UITextField+.swift in Sources */ = {isa = PBXBuildFile; fileRef = 39251BDB2AE98C3C0057F4D8 /* UITextField+.swift */; };
		39251BE02AEA15210057F4D8 /* UILabel+.swift in Sources */ = {isa = PBXBuildFile; fileRef = 39251BDF2AEA15210057F4D8 /* UILabel+.swift */; };
		39251BE42AEA29070057F4D8 /* UIStackView+.swift in Sources */ = {isa = PBXBuildFile; fileRef = 39251BE32AEA29070057F4D8 /* UIStackView+.swift */; };
		39251BED2AEA66140057F4D8 /* CALayer+.swift in Sources */ = {isa = PBXBuildFile; fileRef = 39251BEC2AEA66140057F4D8 /* CALayer+.swift */; };
		393C68EB2AE8C99C003E2A5A /* SFProDisplay-Regular.otf in Resources */ = {isa = PBXBuildFile; fileRef = 393C68E62AE8C99B003E2A5A /* SFProDisplay-Regular.otf */; };
		393C68EC2AE8C99C003E2A5A /* SFProDisplay-Light.otf in Resources */ = {isa = PBXBuildFile; fileRef = 393C68E72AE8C99B003E2A5A /* SFProDisplay-Light.otf */; };
		393C68ED2AE8C99C003E2A5A /* SFProDisplay-Medium.otf in Resources */ = {isa = PBXBuildFile; fileRef = 393C68E82AE8C99C003E2A5A /* SFProDisplay-Medium.otf */; };
		393C68EE2AE8C99C003E2A5A /* SFProDisplay-Bold.otf in Resources */ = {isa = PBXBuildFile; fileRef = 393C68E92AE8C99C003E2A5A /* SFProDisplay-Bold.otf */; };
		393C68EF2AE8C99C003E2A5A /* SFProDisplay-Thin.otf in Resources */ = {isa = PBXBuildFile; fileRef = 393C68EA2AE8C99C003E2A5A /* SFProDisplay-Thin.otf */; };
		398C9AE02AE6809200DF76B4 /* AppDelegate.swift in Sources */ = {isa = PBXBuildFile; fileRef = 398C9ADF2AE6809200DF76B4 /* AppDelegate.swift */; };
		398C9AE22AE6809200DF76B4 /* SceneDelegate.swift in Sources */ = {isa = PBXBuildFile; fileRef = 398C9AE12AE6809200DF76B4 /* SceneDelegate.swift */; };
		398C9AE92AE6809300DF76B4 /* Assets.xcassets in Resources */ = {isa = PBXBuildFile; fileRef = 398C9AE82AE6809300DF76B4 /* Assets.xcassets */; };
		398C9AEC2AE6809300DF76B4 /* LaunchScreen.storyboard in Resources */ = {isa = PBXBuildFile; fileRef = 398C9AEA2AE6809300DF76B4 /* LaunchScreen.storyboard */; };
		39D2E70F2AF8BCF3006E47C5 /* Then in Frameworks */ = {isa = PBXBuildFile; productRef = 39D2E70E2AF8BCF3006E47C5 /* Then */; };
		39D2E7112AF8E6C8006E47C5 /* HomeViewController.swift in Sources */ = {isa = PBXBuildFile; fileRef = 39D2E7102AF8E6C8006E47C5 /* HomeViewController.swift */; };
		39D2E7132AF9E6C7006E47C5 /* HomeVCLocationTableViewCell.swift in Sources */ = {isa = PBXBuildFile; fileRef = 39D2E7122AF9E6C7006E47C5 /* HomeVCLocationTableViewCell.swift */; };
		39D2E7152AF9FFFC006E47C5 /* LocationListData.swift in Sources */ = {isa = PBXBuildFile; fileRef = 39D2E7142AF9FFFC006E47C5 /* LocationListData.swift */; };
		39DC1FE92AFD4CD700BC239F /* DetailViewController.swift in Sources */ = {isa = PBXBuildFile; fileRef = 39DC1FE82AFD4CD700BC239F /* DetailViewController.swift */; };
		39EE01AA2AEBC7DC00719D8D /* WeatherStateData.swift in Sources */ = {isa = PBXBuildFile; fileRef = 39EE01A92AEBC7DC00719D8D /* WeatherStateData.swift */; };
/* End PBXBuildFile section */

/* Begin PBXFileReference section */
		390C9DDB2AFDC66D0052A7A9 /* DetailVCToolBarView.swift */ = {isa = PBXFileReference; lastKnownFileType = sourcecode.swift; path = DetailVCToolBarView.swift; sourceTree = "<group>"; };
		390C9DDF2AFDE0E60052A7A9 /* DetailVCSummaryStackView.swift */ = {isa = PBXFileReference; lastKnownFileType = sourcecode.swift; path = DetailVCSummaryStackView.swift; sourceTree = "<group>"; };
		390C9DE12AFDE5B00052A7A9 /* DetailVCWeatherTimelineView.swift */ = {isa = PBXFileReference; lastKnownFileType = sourcecode.swift; path = DetailVCWeatherTimelineView.swift; sourceTree = "<group>"; };
		390C9DE52AFE1C910052A7A9 /* DetailVCWeatherTimelineCollectionViewCell.swift */ = {isa = PBXFileReference; lastKnownFileType = sourcecode.swift; path = DetailVCWeatherTimelineCollectionViewCell.swift; sourceTree = "<group>"; };
		390C9DE72AFE2F0C0052A7A9 /* DetailVCWeatherForecastTableView.swift */ = {isa = PBXFileReference; lastKnownFileType = sourcecode.swift; path = DetailVCWeatherForecastTableView.swift; sourceTree = "<group>"; };
		390C9DE92AFE30570052A7A9 /* DetailVCWeatherForecastTableViewCell.swift */ = {isa = PBXFileReference; lastKnownFileType = sourcecode.swift; path = DetailVCWeatherForecastTableViewCell.swift; sourceTree = "<group>"; };
		390C9DEC2AFE36CB0052A7A9 /* SFProDisplay-Semibold.otf */ = {isa = PBXFileReference; lastKnownFileType = file; path = "SFProDisplay-Semibold.otf"; sourceTree = "<group>"; };
		390C9DEE2AFE440D0052A7A9 /* WeatherForecastData.swift */ = {isa = PBXFileReference; lastKnownFileType = sourcecode.swift; path = WeatherForecastData.swift; sourceTree = "<group>"; };
		390C9DF02AFE6F0A0052A7A9 /* DetailVCWeatherForecastHeader.swift */ = {isa = PBXFileReference; lastKnownFileType = sourcecode.swift; path = DetailVCWeatherForecastHeader.swift; sourceTree = "<group>"; };
		39251BD72AE98BC80057F4D8 /* UIView+.swift */ = {isa = PBXFileReference; lastKnownFileType = sourcecode.swift; path = "UIView+.swift"; sourceTree = "<group>"; };
		39251BD92AE98BE60057F4D8 /* UIColor+.swift */ = {isa = PBXFileReference; lastKnownFileType = sourcecode.swift; path = "UIColor+.swift"; sourceTree = "<group>"; };
		39251BDB2AE98C3C0057F4D8 /* UITextField+.swift */ = {isa = PBXFileReference; lastKnownFileType = sourcecode.swift; path = "UITextField+.swift"; sourceTree = "<group>"; };
		39251BDF2AEA15210057F4D8 /* UILabel+.swift */ = {isa = PBXFileReference; lastKnownFileType = sourcecode.swift; path = "UILabel+.swift"; sourceTree = "<group>"; };
		39251BE32AEA29070057F4D8 /* UIStackView+.swift */ = {isa = PBXFileReference; lastKnownFileType = sourcecode.swift; path = "UIStackView+.swift"; sourceTree = "<group>"; };
		39251BEC2AEA66140057F4D8 /* CALayer+.swift */ = {isa = PBXFileReference; lastKnownFileType = sourcecode.swift; path = "CALayer+.swift"; sourceTree = "<group>"; };
		393C68E62AE8C99B003E2A5A /* SFProDisplay-Regular.otf */ = {isa = PBXFileReference; lastKnownFileType = file; path = "SFProDisplay-Regular.otf"; sourceTree = "<group>"; };
		393C68E72AE8C99B003E2A5A /* SFProDisplay-Light.otf */ = {isa = PBXFileReference; lastKnownFileType = file; path = "SFProDisplay-Light.otf"; sourceTree = "<group>"; };
		393C68E82AE8C99C003E2A5A /* SFProDisplay-Medium.otf */ = {isa = PBXFileReference; lastKnownFileType = file; path = "SFProDisplay-Medium.otf"; sourceTree = "<group>"; };
		393C68E92AE8C99C003E2A5A /* SFProDisplay-Bold.otf */ = {isa = PBXFileReference; lastKnownFileType = file; path = "SFProDisplay-Bold.otf"; sourceTree = "<group>"; };
		393C68EA2AE8C99C003E2A5A /* SFProDisplay-Thin.otf */ = {isa = PBXFileReference; lastKnownFileType = file; path = "SFProDisplay-Thin.otf"; sourceTree = "<group>"; };
		398C9ADC2AE6809200DF76B4 /* SOPT_Assignment.app */ = {isa = PBXFileReference; explicitFileType = wrapper.application; includeInIndex = 0; path = SOPT_Assignment.app; sourceTree = BUILT_PRODUCTS_DIR; };
		398C9ADF2AE6809200DF76B4 /* AppDelegate.swift */ = {isa = PBXFileReference; lastKnownFileType = sourcecode.swift; path = AppDelegate.swift; sourceTree = "<group>"; };
		398C9AE12AE6809200DF76B4 /* SceneDelegate.swift */ = {isa = PBXFileReference; lastKnownFileType = sourcecode.swift; path = SceneDelegate.swift; sourceTree = "<group>"; };
		398C9AE82AE6809300DF76B4 /* Assets.xcassets */ = {isa = PBXFileReference; lastKnownFileType = folder.assetcatalog; path = Assets.xcassets; sourceTree = "<group>"; };
		398C9AEB2AE6809300DF76B4 /* Base */ = {isa = PBXFileReference; lastKnownFileType = file.storyboard; name = Base; path = Base.lproj/LaunchScreen.storyboard; sourceTree = "<group>"; };
		398C9AED2AE6809300DF76B4 /* Info.plist */ = {isa = PBXFileReference; lastKnownFileType = text.plist.xml; path = Info.plist; sourceTree = "<group>"; };
		39D2E7102AF8E6C8006E47C5 /* HomeViewController.swift */ = {isa = PBXFileReference; lastKnownFileType = sourcecode.swift; path = HomeViewController.swift; sourceTree = "<group>"; };
		39D2E7122AF9E6C7006E47C5 /* HomeVCLocationTableViewCell.swift */ = {isa = PBXFileReference; lastKnownFileType = sourcecode.swift; path = HomeVCLocationTableViewCell.swift; sourceTree = "<group>"; };
		39D2E7142AF9FFFC006E47C5 /* LocationListData.swift */ = {isa = PBXFileReference; lastKnownFileType = sourcecode.swift; path = LocationListData.swift; sourceTree = "<group>"; };
		39DC1FE82AFD4CD700BC239F /* DetailViewController.swift */ = {isa = PBXFileReference; lastKnownFileType = sourcecode.swift; path = DetailViewController.swift; sourceTree = "<group>"; };
		39EE01A92AEBC7DC00719D8D /* WeatherStateData.swift */ = {isa = PBXFileReference; lastKnownFileType = sourcecode.swift; path = WeatherStateData.swift; sourceTree = "<group>"; };
/* End PBXFileReference section */

/* Begin PBXFrameworksBuildPhase section */
		398C9AD92AE6809200DF76B4 /* Frameworks */ = {
			isa = PBXFrameworksBuildPhase;
			buildActionMask = 2147483647;
			files = (
				39251BCD2AE98A530057F4D8 /* SnapKit in Frameworks */,
				39D2E70F2AF8BCF3006E47C5 /* Then in Frameworks */,
				39251BCF2AE98A530057F4D8 /* SnapKit-Dynamic in Frameworks */,
			);
			runOnlyForDeploymentPostprocessing = 0;
		};
/* End PBXFrameworksBuildPhase section */

/* Begin PBXGroup section */
		39251BD62AE98BAB0057F4D8 /* Extensions */ = {
			isa = PBXGroup;
			children = (
				39251BD72AE98BC80057F4D8 /* UIView+.swift */,
				39251BD92AE98BE60057F4D8 /* UIColor+.swift */,
				39251BDB2AE98C3C0057F4D8 /* UITextField+.swift */,
				39251BDF2AEA15210057F4D8 /* UILabel+.swift */,
				39251BE32AEA29070057F4D8 /* UIStackView+.swift */,
				39251BEC2AEA66140057F4D8 /* CALayer+.swift */,
			);
			path = Extensions;
			sourceTree = "<group>";
		};
		393C68F12AE8C9C0003E2A5A /* Fonts */ = {
			isa = PBXGroup;
			children = (
				393C68E92AE8C99C003E2A5A /* SFProDisplay-Bold.otf */,
				390C9DEC2AFE36CB0052A7A9 /* SFProDisplay-Semibold.otf */,
				393C68E82AE8C99C003E2A5A /* SFProDisplay-Medium.otf */,
				393C68E62AE8C99B003E2A5A /* SFProDisplay-Regular.otf */,
				393C68E72AE8C99B003E2A5A /* SFProDisplay-Light.otf */,
				393C68EA2AE8C99C003E2A5A /* SFProDisplay-Thin.otf */,
			);
			path = Fonts;
			sourceTree = "<group>";
		};
		398C9AD32AE6809200DF76B4 = {
			isa = PBXGroup;
			children = (
				398C9ADE2AE6809200DF76B4 /* SOPT_Assignment */,
				398C9ADD2AE6809200DF76B4 /* Products */,
			);
			sourceTree = "<group>";
		};
		398C9ADD2AE6809200DF76B4 /* Products */ = {
			isa = PBXGroup;
			children = (
				398C9ADC2AE6809200DF76B4 /* SOPT_Assignment.app */,
			);
			name = Products;
			sourceTree = "<group>";
		};
		398C9ADE2AE6809200DF76B4 /* SOPT_Assignment */ = {
			isa = PBXGroup;
			children = (
				39E8CF9E2AE8CC5600E4A65D /* Resources */,
				39CCE7AB2AFF285D009405FA /* Sources */,
				39E8CF9C2AE8CC2200E4A65D /* Application */,
				398C9AEA2AE6809300DF76B4 /* LaunchScreen.storyboard */,
				398C9AED2AE6809300DF76B4 /* Info.plist */,
			);
			path = SOPT_Assignment;
			sourceTree = "<group>";
		};
		39CCE7AB2AFF285D009405FA /* Sources */ = {
			isa = PBXGroup;
			children = (
				39CCE7AC2AFF2879009405FA /* ViewControllers */,
				39CCE7AE2AFF28DD009405FA /* Views */,
				39CCE7AD2AFF288C009405FA /* Cells */,
				39CCE7AF2AFF29A5009405FA /* Model */,
			);
			path = Sources;
			sourceTree = "<group>";
		};
		39CCE7AC2AFF2879009405FA /* ViewControllers */ = {
			isa = PBXGroup;
			children = (
				39DC1FE82AFD4CD700BC239F /* DetailViewController.swift */,
				39D2E7102AF8E6C8006E47C5 /* HomeViewController.swift */,
			);
			path = ViewControllers;
			sourceTree = "<group>";
		};
		39CCE7AD2AFF288C009405FA /* Cells */ = {
			isa = PBXGroup;
			children = (
				39D2E7122AF9E6C7006E47C5 /* HomeVCLocationTableViewCell.swift */,
				390C9DE52AFE1C910052A7A9 /* DetailVCWeatherTimelineCollectionViewCell.swift */,
				390C9DE92AFE30570052A7A9 /* DetailVCWeatherForecastTableViewCell.swift */,
			);
			path = Cells;
			sourceTree = "<group>";
		};
		39CCE7AE2AFF28DD009405FA /* Views */ = {
			isa = PBXGroup;
			children = (
				390C9DDF2AFDE0E60052A7A9 /* DetailVCSummaryStackView.swift */,
				390C9DF02AFE6F0A0052A7A9 /* DetailVCWeatherForecastHeader.swift */,
				390C9DE72AFE2F0C0052A7A9 /* DetailVCWeatherForecastTableView.swift */,
				390C9DE12AFDE5B00052A7A9 /* DetailVCWeatherTimelineView.swift */,
				390C9DDB2AFDC66D0052A7A9 /* DetailVCToolBarView.swift */,
			);
			path = Views;
			sourceTree = "<group>";
		};
		39CCE7AF2AFF29A5009405FA /* Model */ = {
			isa = PBXGroup;
			children = (
				390C9DEE2AFE440D0052A7A9 /* WeatherForecastData.swift */,
				39D2E7142AF9FFFC006E47C5 /* LocationListData.swift */,
				39EE01A92AEBC7DC00719D8D /* WeatherStateData.swift */,
			);
			path = Model;
			sourceTree = "<group>";
		};
		39E8CF9C2AE8CC2200E4A65D /* Application */ = {
			isa = PBXGroup;
			children = (
				398C9ADF2AE6809200DF76B4 /* AppDelegate.swift */,
				398C9AE12AE6809200DF76B4 /* SceneDelegate.swift */,
			);
			path = Application;
			sourceTree = "<group>";
		};
		39E8CF9E2AE8CC5600E4A65D /* Resources */ = {
			isa = PBXGroup;
			children = (
				39251BD62AE98BAB0057F4D8 /* Extensions */,
				398C9AE82AE6809300DF76B4 /* Assets.xcassets */,
				393C68F12AE8C9C0003E2A5A /* Fonts */,
			);
			path = Resources;
			sourceTree = "<group>";
		};
/* End PBXGroup section */

/* Begin PBXNativeTarget section */
		398C9ADB2AE6809200DF76B4 /* SOPT_Assignment */ = {
			isa = PBXNativeTarget;
			buildConfigurationList = 398C9AF02AE6809300DF76B4 /* Build configuration list for PBXNativeTarget "SOPT_Assignment" */;
			buildPhases = (
				398C9AD82AE6809200DF76B4 /* Sources */,
				398C9AD92AE6809200DF76B4 /* Frameworks */,
				398C9ADA2AE6809200DF76B4 /* Resources */,
			);
			buildRules = (
			);
			dependencies = (
			);
			name = SOPT_Assignment;
			packageProductDependencies = (
				39251BCC2AE98A530057F4D8 /* SnapKit */,
				39251BCE2AE98A530057F4D8 /* SnapKit-Dynamic */,
				39D2E70E2AF8BCF3006E47C5 /* Then */,
			);
			productName = SOPT_Assignment;
			productReference = 398C9ADC2AE6809200DF76B4 /* SOPT_Assignment.app */;
			productType = "com.apple.product-type.application";
		};
/* End PBXNativeTarget section */

/* Begin PBXProject section */
		398C9AD42AE6809200DF76B4 /* Project object */ = {
			isa = PBXProject;
			attributes = {
				BuildIndependentTargetsInParallel = 1;
				LastSwiftUpdateCheck = 1500;
				LastUpgradeCheck = 1500;
				TargetAttributes = {
					398C9ADB2AE6809200DF76B4 = {
						CreatedOnToolsVersion = 15.0.1;
					};
				};
			};
			buildConfigurationList = 398C9AD72AE6809200DF76B4 /* Build configuration list for PBXProject "SOPT_Assignment" */;
			compatibilityVersion = "Xcode 14.0";
			developmentRegion = en;
			hasScannedForEncodings = 0;
			knownRegions = (
				en,
				Base,
			);
			mainGroup = 398C9AD32AE6809200DF76B4;
			packageReferences = (
				39251BCB2AE98A530057F4D8 /* XCRemoteSwiftPackageReference "SnapKit" */,
				39D2E70D2AF8BCF3006E47C5 /* XCRemoteSwiftPackageReference "Then" */,
			);
			productRefGroup = 398C9ADD2AE6809200DF76B4 /* Products */;
			projectDirPath = "";
			projectRoot = "";
			targets = (
				398C9ADB2AE6809200DF76B4 /* SOPT_Assignment */,
			);
		};
/* End PBXProject section */

/* Begin PBXResourcesBuildPhase section */
		398C9ADA2AE6809200DF76B4 /* Resources */ = {
			isa = PBXResourcesBuildPhase;
			buildActionMask = 2147483647;
			files = (
				390C9DED2AFE36CB0052A7A9 /* SFProDisplay-Semibold.otf in Resources */,
				393C68EF2AE8C99C003E2A5A /* SFProDisplay-Thin.otf in Resources */,
				398C9AEC2AE6809300DF76B4 /* LaunchScreen.storyboard in Resources */,
				393C68EB2AE8C99C003E2A5A /* SFProDisplay-Regular.otf in Resources */,
				393C68EE2AE8C99C003E2A5A /* SFProDisplay-Bold.otf in Resources */,
				393C68EC2AE8C99C003E2A5A /* SFProDisplay-Light.otf in Resources */,
				398C9AE92AE6809300DF76B4 /* Assets.xcassets in Resources */,
				393C68ED2AE8C99C003E2A5A /* SFProDisplay-Medium.otf in Resources */,
			);
			runOnlyForDeploymentPostprocessing = 0;
		};
/* End PBXResourcesBuildPhase section */

/* Begin PBXSourcesBuildPhase section */
		398C9AD82AE6809200DF76B4 /* Sources */ = {
			isa = PBXSourcesBuildPhase;
			buildActionMask = 2147483647;
			files = (
				39251BDA2AE98BE60057F4D8 /* UIColor+.swift in Sources */,
				39251BD82AE98BC80057F4D8 /* UIView+.swift in Sources */,
				39D2E7112AF8E6C8006E47C5 /* HomeViewController.swift in Sources */,
				390C9DE02AFDE0E60052A7A9 /* DetailVCSummaryStackView.swift in Sources */,
				39DC1FE92AFD4CD700BC239F /* DetailViewController.swift in Sources */,
				398C9AE02AE6809200DF76B4 /* AppDelegate.swift in Sources */,
				390C9DEF2AFE440D0052A7A9 /* WeatherForecastData.swift in Sources */,
				398C9AE22AE6809200DF76B4 /* SceneDelegate.swift in Sources */,
				39251BE02AEA15210057F4D8 /* UILabel+.swift in Sources */,
				39251BE42AEA29070057F4D8 /* UIStackView+.swift in Sources */,
				39D2E7132AF9E6C7006E47C5 /* HomeVCLocationTableViewCell.swift in Sources */,
				39D2E7152AF9FFFC006E47C5 /* LocationListData.swift in Sources */,
				390C9DE62AFE1C910052A7A9 /* DetailVCWeatherTimelineCollectionViewCell.swift in Sources */,
				390C9DE82AFE2F0C0052A7A9 /* DetailVCWeatherForecastTableView.swift in Sources */,
				390C9DDC2AFDC66D0052A7A9 /* DetailVCToolBarView.swift in Sources */,
				39251BDC2AE98C3C0057F4D8 /* UITextField+.swift in Sources */,
				39251BED2AEA66140057F4D8 /* CALayer+.swift in Sources */,
				390C9DEA2AFE30570052A7A9 /* DetailVCWeatherForecastTableViewCell.swift in Sources */,
				390C9DE22AFDE5B00052A7A9 /* DetailVCWeatherTimelineView.swift in Sources */,
				390C9DF12AFE6F0A0052A7A9 /* DetailVCWeatherForecastHeader.swift in Sources */,
				39EE01AA2AEBC7DC00719D8D /* WeatherStateData.swift in Sources */,
			);
			runOnlyForDeploymentPostprocessing = 0;
		};
/* End PBXSourcesBuildPhase section */

/* Begin PBXVariantGroup section */
		398C9AEA2AE6809300DF76B4 /* LaunchScreen.storyboard */ = {
			isa = PBXVariantGroup;
			children = (
				398C9AEB2AE6809300DF76B4 /* Base */,
			);
			name = LaunchScreen.storyboard;
			sourceTree = "<group>";
		};
/* End PBXVariantGroup section */

/* Begin XCBuildConfiguration section */
		398C9AEE2AE6809300DF76B4 /* Debug */ = {
			isa = XCBuildConfiguration;
			buildSettings = {
				ALWAYS_SEARCH_USER_PATHS = NO;
				ASSETCATALOG_COMPILER_GENERATE_SWIFT_ASSET_SYMBOL_EXTENSIONS = YES;
				CLANG_ANALYZER_NONNULL = YES;
				CLANG_ANALYZER_NUMBER_OBJECT_CONVERSION = YES_AGGRESSIVE;
				CLANG_CXX_LANGUAGE_STANDARD = "gnu++20";
				CLANG_ENABLE_MODULES = YES;
				CLANG_ENABLE_OBJC_ARC = YES;
				CLANG_ENABLE_OBJC_WEAK = YES;
				CLANG_WARN_BLOCK_CAPTURE_AUTORELEASING = YES;
				CLANG_WARN_BOOL_CONVERSION = YES;
				CLANG_WARN_COMMA = YES;
				CLANG_WARN_CONSTANT_CONVERSION = YES;
				CLANG_WARN_DEPRECATED_OBJC_IMPLEMENTATIONS = YES;
				CLANG_WARN_DIRECT_OBJC_ISA_USAGE = YES_ERROR;
				CLANG_WARN_DOCUMENTATION_COMMENTS = YES;
				CLANG_WARN_EMPTY_BODY = YES;
				CLANG_WARN_ENUM_CONVERSION = YES;
				CLANG_WARN_INFINITE_RECURSION = YES;
				CLANG_WARN_INT_CONVERSION = YES;
				CLANG_WARN_NON_LITERAL_NULL_CONVERSION = YES;
				CLANG_WARN_OBJC_IMPLICIT_RETAIN_SELF = YES;
				CLANG_WARN_OBJC_LITERAL_CONVERSION = YES;
				CLANG_WARN_OBJC_ROOT_CLASS = YES_ERROR;
				CLANG_WARN_QUOTED_INCLUDE_IN_FRAMEWORK_HEADER = YES;
				CLANG_WARN_RANGE_LOOP_ANALYSIS = YES;
				CLANG_WARN_STRICT_PROTOTYPES = YES;
				CLANG_WARN_SUSPICIOUS_MOVE = YES;
				CLANG_WARN_UNGUARDED_AVAILABILITY = YES_AGGRESSIVE;
				CLANG_WARN_UNREACHABLE_CODE = YES;
				CLANG_WARN__DUPLICATE_METHOD_MATCH = YES;
				COPY_PHASE_STRIP = NO;
				DEBUG_INFORMATION_FORMAT = dwarf;
				ENABLE_STRICT_OBJC_MSGSEND = YES;
				ENABLE_TESTABILITY = YES;
				ENABLE_USER_SCRIPT_SANDBOXING = YES;
				GCC_C_LANGUAGE_STANDARD = gnu17;
				GCC_DYNAMIC_NO_PIC = NO;
				GCC_NO_COMMON_BLOCKS = YES;
				GCC_OPTIMIZATION_LEVEL = 0;
				GCC_PREPROCESSOR_DEFINITIONS = (
					"DEBUG=1",
					"$(inherited)",
				);
				GCC_WARN_64_TO_32_BIT_CONVERSION = YES;
				GCC_WARN_ABOUT_RETURN_TYPE = YES_ERROR;
				GCC_WARN_UNDECLARED_SELECTOR = YES;
				GCC_WARN_UNINITIALIZED_AUTOS = YES_AGGRESSIVE;
				GCC_WARN_UNUSED_FUNCTION = YES;
				GCC_WARN_UNUSED_VARIABLE = YES;
				IPHONEOS_DEPLOYMENT_TARGET = 17.0;
				LOCALIZATION_PREFERS_STRING_CATALOGS = YES;
				MTL_ENABLE_DEBUG_INFO = INCLUDE_SOURCE;
				MTL_FAST_MATH = YES;
				ONLY_ACTIVE_ARCH = YES;
				SDKROOT = iphoneos;
				SWIFT_ACTIVE_COMPILATION_CONDITIONS = "DEBUG $(inherited)";
				SWIFT_OPTIMIZATION_LEVEL = "-Onone";
			};
			name = Debug;
		};
		398C9AEF2AE6809300DF76B4 /* Release */ = {
			isa = XCBuildConfiguration;
			buildSettings = {
				ALWAYS_SEARCH_USER_PATHS = NO;
				ASSETCATALOG_COMPILER_GENERATE_SWIFT_ASSET_SYMBOL_EXTENSIONS = YES;
				CLANG_ANALYZER_NONNULL = YES;
				CLANG_ANALYZER_NUMBER_OBJECT_CONVERSION = YES_AGGRESSIVE;
				CLANG_CXX_LANGUAGE_STANDARD = "gnu++20";
				CLANG_ENABLE_MODULES = YES;
				CLANG_ENABLE_OBJC_ARC = YES;
				CLANG_ENABLE_OBJC_WEAK = YES;
				CLANG_WARN_BLOCK_CAPTURE_AUTORELEASING = YES;
				CLANG_WARN_BOOL_CONVERSION = YES;
				CLANG_WARN_COMMA = YES;
				CLANG_WARN_CONSTANT_CONVERSION = YES;
				CLANG_WARN_DEPRECATED_OBJC_IMPLEMENTATIONS = YES;
				CLANG_WARN_DIRECT_OBJC_ISA_USAGE = YES_ERROR;
				CLANG_WARN_DOCUMENTATION_COMMENTS = YES;
				CLANG_WARN_EMPTY_BODY = YES;
				CLANG_WARN_ENUM_CONVERSION = YES;
				CLANG_WARN_INFINITE_RECURSION = YES;
				CLANG_WARN_INT_CONVERSION = YES;
				CLANG_WARN_NON_LITERAL_NULL_CONVERSION = YES;
				CLANG_WARN_OBJC_IMPLICIT_RETAIN_SELF = YES;
				CLANG_WARN_OBJC_LITERAL_CONVERSION = YES;
				CLANG_WARN_OBJC_ROOT_CLASS = YES_ERROR;
				CLANG_WARN_QUOTED_INCLUDE_IN_FRAMEWORK_HEADER = YES;
				CLANG_WARN_RANGE_LOOP_ANALYSIS = YES;
				CLANG_WARN_STRICT_PROTOTYPES = YES;
				CLANG_WARN_SUSPICIOUS_MOVE = YES;
				CLANG_WARN_UNGUARDED_AVAILABILITY = YES_AGGRESSIVE;
				CLANG_WARN_UNREACHABLE_CODE = YES;
				CLANG_WARN__DUPLICATE_METHOD_MATCH = YES;
				COPY_PHASE_STRIP = NO;
				DEBUG_INFORMATION_FORMAT = "dwarf-with-dsym";
				ENABLE_NS_ASSERTIONS = NO;
				ENABLE_STRICT_OBJC_MSGSEND = YES;
				ENABLE_USER_SCRIPT_SANDBOXING = YES;
				GCC_C_LANGUAGE_STANDARD = gnu17;
				GCC_NO_COMMON_BLOCKS = YES;
				GCC_WARN_64_TO_32_BIT_CONVERSION = YES;
				GCC_WARN_ABOUT_RETURN_TYPE = YES_ERROR;
				GCC_WARN_UNDECLARED_SELECTOR = YES;
				GCC_WARN_UNINITIALIZED_AUTOS = YES_AGGRESSIVE;
				GCC_WARN_UNUSED_FUNCTION = YES;
				GCC_WARN_UNUSED_VARIABLE = YES;
				IPHONEOS_DEPLOYMENT_TARGET = 17.0;
				LOCALIZATION_PREFERS_STRING_CATALOGS = YES;
				MTL_ENABLE_DEBUG_INFO = NO;
				MTL_FAST_MATH = YES;
				SDKROOT = iphoneos;
				SWIFT_COMPILATION_MODE = wholemodule;
				VALIDATE_PRODUCT = YES;
			};
			name = Release;
		};
		398C9AF12AE6809300DF76B4 /* Debug */ = {
			isa = XCBuildConfiguration;
			buildSettings = {
				ASSETCATALOG_COMPILER_APPICON_NAME = AppIcon;
				ASSETCATALOG_COMPILER_GLOBAL_ACCENT_COLOR_NAME = AccentColor;
				CODE_SIGN_STYLE = Automatic;
				CURRENT_PROJECT_VERSION = 1;
				GENERATE_INFOPLIST_FILE = YES;
				INFOPLIST_FILE = SOPT_Assignment/Info.plist;
				INFOPLIST_KEY_UIApplicationSupportsIndirectInputEvents = YES;
				INFOPLIST_KEY_UILaunchStoryboardName = LaunchScreen;
				INFOPLIST_KEY_UISupportedInterfaceOrientations_iPad = "UIInterfaceOrientationPortrait UIInterfaceOrientationPortraitUpsideDown UIInterfaceOrientationLandscapeLeft UIInterfaceOrientationLandscapeRight";
				INFOPLIST_KEY_UISupportedInterfaceOrientations_iPhone = "UIInterfaceOrientationPortrait UIInterfaceOrientationLandscapeLeft UIInterfaceOrientationLandscapeRight";
				LD_RUNPATH_SEARCH_PATHS = (
					"$(inherited)",
					"@executable_path/Frameworks",
				);
				MARKETING_VERSION = 1.0;
				PRODUCT_BUNDLE_IDENTIFIER = "com.Nak.SOPT-Assignment";
				PRODUCT_NAME = "$(TARGET_NAME)";
				SWIFT_EMIT_LOC_STRINGS = YES;
				SWIFT_VERSION = 5.0;
				TARGETED_DEVICE_FAMILY = "1,2";
			};
			name = Debug;
		};
		398C9AF22AE6809300DF76B4 /* Release */ = {
			isa = XCBuildConfiguration;
			buildSettings = {
				ASSETCATALOG_COMPILER_APPICON_NAME = AppIcon;
				ASSETCATALOG_COMPILER_GLOBAL_ACCENT_COLOR_NAME = AccentColor;
				CODE_SIGN_STYLE = Automatic;
				CURRENT_PROJECT_VERSION = 1;
				GENERATE_INFOPLIST_FILE = YES;
				INFOPLIST_FILE = SOPT_Assignment/Info.plist;
				INFOPLIST_KEY_UIApplicationSupportsIndirectInputEvents = YES;
				INFOPLIST_KEY_UILaunchStoryboardName = LaunchScreen;
				INFOPLIST_KEY_UISupportedInterfaceOrientations_iPad = "UIInterfaceOrientationPortrait UIInterfaceOrientationPortraitUpsideDown UIInterfaceOrientationLandscapeLeft UIInterfaceOrientationLandscapeRight";
				INFOPLIST_KEY_UISupportedInterfaceOrientations_iPhone = "UIInterfaceOrientationPortrait UIInterfaceOrientationLandscapeLeft UIInterfaceOrientationLandscapeRight";
				LD_RUNPATH_SEARCH_PATHS = (
					"$(inherited)",
					"@executable_path/Frameworks",
				);
				MARKETING_VERSION = 1.0;
				PRODUCT_BUNDLE_IDENTIFIER = "com.Nak.SOPT-Assignment";
				PRODUCT_NAME = "$(TARGET_NAME)";
				SWIFT_EMIT_LOC_STRINGS = YES;
				SWIFT_VERSION = 5.0;
				TARGETED_DEVICE_FAMILY = "1,2";
			};
			name = Release;
		};
/* End XCBuildConfiguration section */

/* Begin XCConfigurationList section */
		398C9AD72AE6809200DF76B4 /* Build configuration list for PBXProject "SOPT_Assignment" */ = {
			isa = XCConfigurationList;
			buildConfigurations = (
				398C9AEE2AE6809300DF76B4 /* Debug */,
				398C9AEF2AE6809300DF76B4 /* Release */,
			);
			defaultConfigurationIsVisible = 0;
			defaultConfigurationName = Release;
		};
		398C9AF02AE6809300DF76B4 /* Build configuration list for PBXNativeTarget "SOPT_Assignment" */ = {
			isa = XCConfigurationList;
			buildConfigurations = (
				398C9AF12AE6809300DF76B4 /* Debug */,
				398C9AF22AE6809300DF76B4 /* Release */,
			);
			defaultConfigurationIsVisible = 0;
			defaultConfigurationName = Release;
		};
/* End XCConfigurationList section */

/* Begin XCRemoteSwiftPackageReference section */
		39251BCB2AE98A530057F4D8 /* XCRemoteSwiftPackageReference "SnapKit" */ = {
			isa = XCRemoteSwiftPackageReference;
			repositoryURL = "https://github.com/SnapKit/SnapKit";
			requirement = {
				kind = upToNextMajorVersion;
				minimumVersion = 5.6.0;
			};
		};
		39D2E70D2AF8BCF3006E47C5 /* XCRemoteSwiftPackageReference "Then" */ = {
			isa = XCRemoteSwiftPackageReference;
			repositoryURL = "https://github.com/devxoul/Then";
			requirement = {
				kind = upToNextMajorVersion;
				minimumVersion = 3.0.0;
			};
		};
/* End XCRemoteSwiftPackageReference section */

/* Begin XCSwiftPackageProductDependency section */
		39251BCC2AE98A530057F4D8 /* SnapKit */ = {
			isa = XCSwiftPackageProductDependency;
			package = 39251BCB2AE98A530057F4D8 /* XCRemoteSwiftPackageReference "SnapKit" */;
			productName = SnapKit;
		};
		39251BCE2AE98A530057F4D8 /* SnapKit-Dynamic */ = {
			isa = XCSwiftPackageProductDependency;
			package = 39251BCB2AE98A530057F4D8 /* XCRemoteSwiftPackageReference "SnapKit" */;
			productName = "SnapKit-Dynamic";
		};
		39D2E70E2AF8BCF3006E47C5 /* Then */ = {
			isa = XCSwiftPackageProductDependency;
			package = 39D2E70D2AF8BCF3006E47C5 /* XCRemoteSwiftPackageReference "Then" */;
			productName = Then;
		};
/* End XCSwiftPackageProductDependency section */
	};
	rootObject = 398C9AD42AE6809200DF76B4 /* Project object */;
}
